
Microsoft Visual Studio Solution File, Format Version 12.00
# Visual Studio 15
VisualStudioVersion = 15.0.28307.329
MinimumVisualStudioVersion = 10.0.40219.1
Project("{FAE04EC0-301F-11D3-BF4B-00C04F79EFBC}") = "oop_cursovik", "oop_cursovik\oop_cursovik.csproj", "{D7DDF44C-4D25-48C8-9D8E-826F38AE6662}"
EndProject
Global
	GlobalSection(SolutionConfigurationPlatforms) = preSolution
		Debug|Any CPU = Debug|Any CPU
		Release|Any CPU = Release|Any CPU
	EndGlobalSection
	GlobalSection(ProjectConfigurationPlatforms) = postSolution
		{D7DDF44C-4D25-48C8-9D8E-826F38AE6662}.Debug|Any CPU.ActiveCfg = Debug|Any CPU
		{D7DDF44C-4D25-48C8-9D8E-826F38AE6662}.Debug|Any CPU.Build.0 = Debug|Any CPU
		{D7DDF44C-4D25-48C8-9D8E-826F38AE6662}.Release|Any CPU.ActiveCfg = Release|Any CPU
		{D7DDF44C-4D25-48C8-9D8E-826F38AE6662}.Release|Any CPU.Build.0 = Release|Any CPU
	EndGlobalSection
	GlobalSection(SolutionProperties) = preSolution
		HideSolutionNode = FALSE
	EndGlobalSection
	GlobalSection(ExtensibilityGlobals) = postSolution
		SolutionGuid = {86EB25B3-2951-4F9B-8B33-026862FBF99C}
	EndGlobalSection
EndGlobal
